
Microsoft Visual Studio Solution File, Format Version 12.00
# Visual Studio Version 16
VisualStudioVersion = 16.0.29215.179
MinimumVisualStudioVersion = 10.0.40219.1
Project("{FAE04EC0-301F-11D3-BF4B-00C04F79EFBC}") = "WooliesXAPI", "WooliesXAPI\WooliesXAPI.csproj", "{7AFD9CF0-FA81-4DDF-805B-92E1DA3DFCEE}"
EndProject
Global
	GlobalSection(SolutionConfigurationPlatforms) = preSolution
		Debug|Any CPU = Debug|Any CPU
		Release|Any CPU = Release|Any CPU
	EndGlobalSection
	GlobalSection(ProjectConfigurationPlatforms) = postSolution
		{7AFD9CF0-FA81-4DDF-805B-92E1DA3DFCEE}.Debug|Any CPU.ActiveCfg = Debug|Any CPU
		{7AFD9CF0-FA81-4DDF-805B-92E1DA3DFCEE}.Debug|Any CPU.Build.0 = Debug|Any CPU
		{7AFD9CF0-FA81-4DDF-805B-92E1DA3DFCEE}.Release|Any CPU.ActiveCfg = Release|Any CPU
		{7AFD9CF0-FA81-4DDF-805B-92E1DA3DFCEE}.Release|Any CPU.Build.0 = Release|Any CPU
	EndGlobalSection
	GlobalSection(SolutionProperties) = preSolution
		HideSolutionNode = FALSE
	EndGlobalSection
	GlobalSection(ExtensibilityGlobals) = postSolution
		SolutionGuid = {4956CC53-83D1-4831-B8AB-C45A37A29C09}
	EndGlobalSection
EndGlobal
